
Microsoft Visual Studio Solution File, Format Version 12.00
Project("{F2A71F9B-5D33-465A-A702-920D77279786}") = "SampleApp", "SampleApp\SampleApp.fsproj", "{C3D7D347-0DD6-498F-A024-4054394742F3}"
EndProject
Project("{F2A71F9B-5D33-465A-A702-920D77279786}") = "BankApp", "BankApp\BankApp.fsproj", "{BDEE8A5B-56BE-4ED9-B8B2-7CA859556736}"
EndProject
Project("{F2A71F9B-5D33-465A-A702-920D77279786}") = "MyBenchmarkDotNet", "MyBenchmarkDotNet\MyBenchmarkDotNet.fsproj", "{5752A943-08D2-4AB4-95D7-D8C64CE6246C}"
EndProject
Project("{F2A71F9B-5D33-465A-A702-920D77279786}") = "WebApplication", "WebApplication\WebApplication.fsproj", "{46FDF2AA-0831-494E-97E0-F0E61293622B}"
EndProject
Project("{FAE04EC0-301F-11D3-BF4B-00C04F79EFBC}") = "ConsoleApp1", "ConsoleApp1\ConsoleApp1.csproj", "{D41BAADA-17F4-4DEB-8F51-4EC327E36EA9}"
EndProject
Project("{F2A71F9B-5D33-465A-A702-920D77279786}") = "FotoFilter", "FotoFilter\FotoFilter.fsproj", "{9F935B67-97CF-4B29-8817-D2064C5B873E}"
EndProject
Global
	GlobalSection(SolutionConfigurationPlatforms) = preSolution
		Debug|Any CPU = Debug|Any CPU
		Release|Any CPU = Release|Any CPU
	EndGlobalSection
	GlobalSection(ProjectConfigurationPlatforms) = postSolution
		{C3D7D347-0DD6-498F-A024-4054394742F3}.Debug|Any CPU.ActiveCfg = Debug|Any CPU
		{C3D7D347-0DD6-498F-A024-4054394742F3}.Debug|Any CPU.Build.0 = Debug|Any CPU
		{C3D7D347-0DD6-498F-A024-4054394742F3}.Release|Any CPU.ActiveCfg = Release|Any CPU
		{C3D7D347-0DD6-498F-A024-4054394742F3}.Release|Any CPU.Build.0 = Release|Any CPU
		{BDEE8A5B-56BE-4ED9-B8B2-7CA859556736}.Debug|Any CPU.ActiveCfg = Debug|Any CPU
		{BDEE8A5B-56BE-4ED9-B8B2-7CA859556736}.Debug|Any CPU.Build.0 = Debug|Any CPU
		{BDEE8A5B-56BE-4ED9-B8B2-7CA859556736}.Release|Any CPU.ActiveCfg = Release|Any CPU
		{BDEE8A5B-56BE-4ED9-B8B2-7CA859556736}.Release|Any CPU.Build.0 = Release|Any CPU
		{5752A943-08D2-4AB4-95D7-D8C64CE6246C}.Debug|Any CPU.ActiveCfg = Debug|Any CPU
		{5752A943-08D2-4AB4-95D7-D8C64CE6246C}.Debug|Any CPU.Build.0 = Debug|Any CPU
		{5752A943-08D2-4AB4-95D7-D8C64CE6246C}.Release|Any CPU.ActiveCfg = Release|Any CPU
		{5752A943-08D2-4AB4-95D7-D8C64CE6246C}.Release|Any CPU.Build.0 = Release|Any CPU
		{46FDF2AA-0831-494E-97E0-F0E61293622B}.Debug|Any CPU.ActiveCfg = Debug|Any CPU
		{46FDF2AA-0831-494E-97E0-F0E61293622B}.Debug|Any CPU.Build.0 = Debug|Any CPU
		{46FDF2AA-0831-494E-97E0-F0E61293622B}.Release|Any CPU.ActiveCfg = Release|Any CPU
		{46FDF2AA-0831-494E-97E0-F0E61293622B}.Release|Any CPU.Build.0 = Release|Any CPU
		{D41BAADA-17F4-4DEB-8F51-4EC327E36EA9}.Debug|Any CPU.ActiveCfg = Debug|Any CPU
		{D41BAADA-17F4-4DEB-8F51-4EC327E36EA9}.Debug|Any CPU.Build.0 = Debug|Any CPU
		{D41BAADA-17F4-4DEB-8F51-4EC327E36EA9}.Release|Any CPU.ActiveCfg = Release|Any CPU
		{D41BAADA-17F4-4DEB-8F51-4EC327E36EA9}.Release|Any CPU.Build.0 = Release|Any CPU
		{9F935B67-97CF-4B29-8817-D2064C5B873E}.Debug|Any CPU.ActiveCfg = Debug|Any CPU
		{9F935B67-97CF-4B29-8817-D2064C5B873E}.Debug|Any CPU.Build.0 = Debug|Any CPU
		{9F935B67-97CF-4B29-8817-D2064C5B873E}.Release|Any CPU.ActiveCfg = Release|Any CPU
		{9F935B67-97CF-4B29-8817-D2064C5B873E}.Release|Any CPU.Build.0 = Release|Any CPU
	EndGlobalSection
EndGlobal
